// !$*UTF8*$!
{
	archiveVersion = 1;
	classes = {
	};
	objectVersion = 46;
	objects = {

/* Begin PBXBuildFile section */
		D35ACA7218BFD4AB007A4FE4 /* Foundation.framework in Frameworks */ = {isa = PBXBuildFile; fileRef = D35ACA7118BFD4AB007A4FE4 /* Foundation.framework */; };
		D35ACA7418BFD4AB007A4FE4 /* CoreGraphics.framework in Frameworks */ = {isa = PBXBuildFile; fileRef = D35ACA7318BFD4AB007A4FE4 /* CoreGraphics.framework */; };
		D35ACA7618BFD4AB007A4FE4 /* UIKit.framework in Frameworks */ = {isa = PBXBuildFile; fileRef = D35ACA7518BFD4AB007A4FE4 /* UIKit.framework */; };
		D35ACA7818BFD4AB007A4FE4 /* CoreData.framework in Frameworks */ = {isa = PBXBuildFile; fileRef = D35ACA7718BFD4AB007A4FE4 /* CoreData.framework */; };
		D35ACA7E18BFD4AB007A4FE4 /* InfoPlist.strings in Resources */ = {isa = PBXBuildFile; fileRef = D35ACA7C18BFD4AB007A4FE4 /* InfoPlist.strings */; };
		D35ACA8018BFD4AB007A4FE4 /* main.m in Sources */ = {isa = PBXBuildFile; fileRef = D35ACA7F18BFD4AB007A4FE4 /* main.m */; };
		D35ACA8418BFD4AB007A4FE4 /* FMAppDelegate.m in Sources */ = {isa = PBXBuildFile; fileRef = D35ACA8318BFD4AB007A4FE4 /* FMAppDelegate.m */; };
		D35ACA8718BFD4AB007A4FE4 /* Thousand_Words.xcdatamodeld in Sources */ = {isa = PBXBuildFile; fileRef = D35ACA8518BFD4AB007A4FE4 /* Thousand_Words.xcdatamodeld */; };
		D35ACA8918BFD4AB007A4FE4 /* Images.xcassets in Resources */ = {isa = PBXBuildFile; fileRef = D35ACA8818BFD4AB007A4FE4 /* Images.xcassets */; };
		D35ACA9018BFD4AB007A4FE4 /* XCTest.framework in Frameworks */ = {isa = PBXBuildFile; fileRef = D35ACA8F18BFD4AB007A4FE4 /* XCTest.framework */; };
		D35ACA9118BFD4AB007A4FE4 /* Foundation.framework in Frameworks */ = {isa = PBXBuildFile; fileRef = D35ACA7118BFD4AB007A4FE4 /* Foundation.framework */; };
		D35ACA9218BFD4AB007A4FE4 /* UIKit.framework in Frameworks */ = {isa = PBXBuildFile; fileRef = D35ACA7518BFD4AB007A4FE4 /* UIKit.framework */; };
		D35ACA9318BFD4AB007A4FE4 /* CoreData.framework in Frameworks */ = {isa = PBXBuildFile; fileRef = D35ACA7718BFD4AB007A4FE4 /* CoreData.framework */; };
		D35ACA9B18BFD4AB007A4FE4 /* InfoPlist.strings in Resources */ = {isa = PBXBuildFile; fileRef = D35ACA9918BFD4AB007A4FE4 /* InfoPlist.strings */; };
		D35ACA9D18BFD4AB007A4FE4 /* Thousand_WordsTests.m in Sources */ = {isa = PBXBuildFile; fileRef = D35ACA9C18BFD4AB007A4FE4 /* Thousand_WordsTests.m */; };
		D35ACAA718BFD9EE007A4FE4 /* Storyboard.storyboard in Resources */ = {isa = PBXBuildFile; fileRef = D35ACAA618BFD9EE007A4FE4 /* Storyboard.storyboard */; };
		D35ACAAA18BFDAB3007A4FE4 /* FMAlbumTableViewController.m in Sources */ = {isa = PBXBuildFile; fileRef = D35ACAA918BFDAB3007A4FE4 /* FMAlbumTableViewController.m */; };
		D35ACAB118C0C620007A4FE4 /* FMCoreDataHelper.m in Sources */ = {isa = PBXBuildFile; fileRef = D35ACAB018C0C620007A4FE4 /* FMCoreDataHelper.m */; };
		D35ACAB418C0D0A7007A4FE4 /* FMPhotosCollectionViewController.m in Sources */ = {isa = PBXBuildFile; fileRef = D35ACAB318C0D0A7007A4FE4 /* FMPhotosCollectionViewController.m */; };
		D35ACAB718C0D2CE007A4FE4 /* FMPhotoCollectionViewCell.m in Sources */ = {isa = PBXBuildFile; fileRef = D35ACAB618C0D2CE007A4FE4 /* FMPhotoCollectionViewCell.m */; };
		D35ACABB18C0D644007A4FE4 /* Image.png in Resources */ = {isa = PBXBuildFile; fileRef = D35ACABA18C0D644007A4FE4 /* Image.png */; };
		D35ACABE18C0E948007A4FE4 /* Photo.m in Sources */ = {isa = PBXBuildFile; fileRef = D35ACABD18C0E948007A4FE4 /* Photo.m */; };
		D35ACAC118C0E948007A4FE4 /* Album.m in Sources */ = {isa = PBXBuildFile; fileRef = D35ACAC018C0E948007A4FE4 /* Album.m */; };
		D35ACAC418C0EDE8007A4FE4 /* FMPictureDataTransformer.m in Sources */ = {isa = PBXBuildFile; fileRef = D35ACAC318C0EDE8007A4FE4 /* FMPictureDataTransformer.m */; };
		D35ACAC718C1287D007A4FE4 /* FMPhotoDetailViewController.m in Sources */ = {isa = PBXBuildFile; fileRef = D35ACAC618C1287C007A4FE4 /* FMPhotoDetailViewController.m */; };
		D3FB882218C61C17008F7D2B /* FMFilterCollectionViewController.m in Sources */ = {isa = PBXBuildFile; fileRef = D3FB882118C61C17008F7D2B /* FMFilterCollectionViewController.m */; };
/* End PBXBuildFile section */

/* Begin PBXContainerItemProxy section */
		D35ACA9418BFD4AB007A4FE4 /* PBXContainerItemProxy */ = {
			isa = PBXContainerItemProxy;
			containerPortal = D35ACA6618BFD4AB007A4FE4 /* Project object */;
			proxyType = 1;
			remoteGlobalIDString = D35ACA6D18BFD4AB007A4FE4;
			remoteInfo = "Thousand Words";
		};
/* End PBXContainerItemProxy section */

/* Begin PBXFileReference section */
		D35ACA6E18BFD4AB007A4FE4 /* Thousand Words.app */ = {isa = PBXFileReference; explicitFileType = wrapper.application; includeInIndex = 0; path = "Thousand Words.app"; sourceTree = BUILT_PRODUCTS_DIR; };
		D35ACA7118BFD4AB007A4FE4 /* Foundation.framework */ = {isa = PBXFileReference; lastKnownFileType = wrapper.framework; name = Foundation.framework; path = System/Library/Frameworks/Foundation.framework; sourceTree = SDKROOT; };
		D35ACA7318BFD4AB007A4FE4 /* CoreGraphics.framework */ = {isa = PBXFileReference; lastKnownFileType = wrapper.framework; name = CoreGraphics.framework; path = System/Library/Frameworks/CoreGraphics.framework; sourceTree = SDKROOT; };
		D35ACA7518BFD4AB007A4FE4 /* UIKit.framework */ = {isa = PBXFileReference; lastKnownFileType = wrapper.framework; name = UIKit.framework; path = System/Library/Frameworks/UIKit.framework; sourceTree = SDKROOT; };
		D35ACA7718BFD4AB007A4FE4 /* CoreData.framework */ = {isa = PBXFileReference; lastKnownFileType = wrapper.framework; name = CoreData.framework; path = System/Library/Frameworks/CoreData.framework; sourceTree = SDKROOT; };
		D35ACA7B18BFD4AB007A4FE4 /* Thousand Words-Info.plist */ = {isa = PBXFileReference; lastKnownFileType = text.plist.xml; path = "Thousand Words-Info.plist"; sourceTree = "<group>"; };
		D35ACA7D18BFD4AB007A4FE4 /* en */ = {isa = PBXFileReference; lastKnownFileType = text.plist.strings; name = en; path = en.lproj/InfoPlist.strings; sourceTree = "<group>"; };
		D35ACA7F18BFD4AB007A4FE4 /* main.m */ = {isa = PBXFileReference; lastKnownFileType = sourcecode.c.objc; path = main.m; sourceTree = "<group>"; };
		D35ACA8118BFD4AB007A4FE4 /* Thousand Words-Prefix.pch */ = {isa = PBXFileReference; lastKnownFileType = sourcecode.c.h; path = "Thousand Words-Prefix.pch"; sourceTree = "<group>"; };
		D35ACA8218BFD4AB007A4FE4 /* FMAppDelegate.h */ = {isa = PBXFileReference; lastKnownFileType = sourcecode.c.h; path = FMAppDelegate.h; sourceTree = "<group>"; };
		D35ACA8318BFD4AB007A4FE4 /* FMAppDelegate.m */ = {isa = PBXFileReference; lastKnownFileType = sourcecode.c.objc; path = FMAppDelegate.m; sourceTree = "<group>"; };
		D35ACA8618BFD4AB007A4FE4 /* Thousand_Words.xcdatamodel */ = {isa = PBXFileReference; lastKnownFileType = wrapper.xcdatamodel; path = Thousand_Words.xcdatamodel; sourceTree = "<group>"; };
		D35ACA8818BFD4AB007A4FE4 /* Images.xcassets */ = {isa = PBXFileReference; lastKnownFileType = folder.assetcatalog; path = Images.xcassets; sourceTree = "<group>"; };
		D35ACA8E18BFD4AB007A4FE4 /* Thousand WordsTests.xctest */ = {isa = PBXFileReference; explicitFileType = wrapper.cfbundle; includeInIndex = 0; path = "Thousand WordsTests.xctest"; sourceTree = BUILT_PRODUCTS_DIR; };
		D35ACA8F18BFD4AB007A4FE4 /* XCTest.framework */ = {isa = PBXFileReference; lastKnownFileType = wrapper.framework; name = XCTest.framework; path = Library/Frameworks/XCTest.framework; sourceTree = DEVELOPER_DIR; };
		D35ACA9818BFD4AB007A4FE4 /* Thousand WordsTests-Info.plist */ = {isa = PBXFileReference; lastKnownFileType = text.plist.xml; path = "Thousand WordsTests-Info.plist"; sourceTree = "<group>"; };
		D35ACA9A18BFD4AB007A4FE4 /* en */ = {isa = PBXFileReference; lastKnownFileType = text.plist.strings; name = en; path = en.lproj/InfoPlist.strings; sourceTree = "<group>"; };
		D35ACA9C18BFD4AB007A4FE4 /* Thousand_WordsTests.m */ = {isa = PBXFileReference; lastKnownFileType = sourcecode.c.objc; path = Thousand_WordsTests.m; sourceTree = "<group>"; };
		D35ACAA618BFD9EE007A4FE4 /* Storyboard.storyboard */ = {isa = PBXFileReference; fileEncoding = 4; lastKnownFileType = file.storyboard; path = Storyboard.storyboard; sourceTree = "<group>"; };
		D35ACAA818BFDAB3007A4FE4 /* FMAlbumTableViewController.h */ = {isa = PBXFileReference; fileEncoding = 4; lastKnownFileType = sourcecode.c.h; path = FMAlbumTableViewController.h; sourceTree = "<group>"; };
		D35ACAA918BFDAB3007A4FE4 /* FMAlbumTableViewController.m */ = {isa = PBXFileReference; fileEncoding = 4; lastKnownFileType = sourcecode.c.objc; path = FMAlbumTableViewController.m; sourceTree = "<group>"; };
		D35ACAAF18C0C620007A4FE4 /* FMCoreDataHelper.h */ = {isa = PBXFileReference; fileEncoding = 4; lastKnownFileType = sourcecode.c.h; path = FMCoreDataHelper.h; sourceTree = "<group>"; };
		D35ACAB018C0C620007A4FE4 /* FMCoreDataHelper.m */ = {isa = PBXFileReference; fileEncoding = 4; lastKnownFileType = sourcecode.c.objc; path = FMCoreDataHelper.m; sourceTree = "<group>"; };
		D35ACAB218C0D0A7007A4FE4 /* FMPhotosCollectionViewController.h */ = {isa = PBXFileReference; fileEncoding = 4; lastKnownFileType = sourcecode.c.h; path = FMPhotosCollectionViewController.h; sourceTree = "<group>"; };
		D35ACAB318C0D0A7007A4FE4 /* FMPhotosCollectionViewController.m */ = {isa = PBXFileReference; fileEncoding = 4; lastKnownFileType = sourcecode.c.objc; path = FMPhotosCollectionViewController.m; sourceTree = "<group>"; };
		D35ACAB518C0D2CE007A4FE4 /* FMPhotoCollectionViewCell.h */ = {isa = PBXFileReference; fileEncoding = 4; lastKnownFileType = sourcecode.c.h; path = FMPhotoCollectionViewCell.h; sourceTree = "<group>"; };
		D35ACAB618C0D2CE007A4FE4 /* FMPhotoCollectionViewCell.m */ = {isa = PBXFileReference; fileEncoding = 4; lastKnownFileType = sourcecode.c.objc; path = FMPhotoCollectionViewCell.m; sourceTree = "<group>"; };
		D35ACABA18C0D644007A4FE4 /* Image.png */ = {isa = PBXFileReference; lastKnownFileType = image.png; path = Image.png; sourceTree = "<group>"; };
		D35ACABC18C0E948007A4FE4 /* Photo.h */ = {isa = PBXFileReference; fileEncoding = 4; lastKnownFileType = sourcecode.c.h; path = Photo.h; sourceTree = "<group>"; };
		D35ACABD18C0E948007A4FE4 /* Photo.m */ = {isa = PBXFileReference; fileEncoding = 4; lastKnownFileType = sourcecode.c.objc; path = Photo.m; sourceTree = "<group>"; };
		D35ACABF18C0E948007A4FE4 /* Album.h */ = {isa = PBXFileReference; fileEncoding = 4; lastKnownFileType = sourcecode.c.h; path = Album.h; sourceTree = "<group>"; };
		D35ACAC018C0E948007A4FE4 /* Album.m */ = {isa = PBXFileReference; fileEncoding = 4; lastKnownFileType = sourcecode.c.objc; path = Album.m; sourceTree = "<group>"; };
		D35ACAC218C0EDE8007A4FE4 /* FMPictureDataTransformer.h */ = {isa = PBXFileReference; fileEncoding = 4; lastKnownFileType = sourcecode.c.h; name = FMPictureDataTransformer.h; path = ../FMPictureDataTransformer.h; sourceTree = "<group>"; };
		D35ACAC318C0EDE8007A4FE4 /* FMPictureDataTransformer.m */ = {isa = PBXFileReference; fileEncoding = 4; lastKnownFileType = sourcecode.c.objc; name = FMPictureDataTransformer.m; path = ../FMPictureDataTransformer.m; sourceTree = "<group>"; };
		D35ACAC518C1287C007A4FE4 /* FMPhotoDetailViewController.h */ = {isa = PBXFileReference; fileEncoding = 4; lastKnownFileType = sourcecode.c.h; path = FMPhotoDetailViewController.h; sourceTree = "<group>"; };
		D35ACAC618C1287C007A4FE4 /* FMPhotoDetailViewController.m */ = {isa = PBXFileReference; fileEncoding = 4; lastKnownFileType = sourcecode.c.objc; path = FMPhotoDetailViewController.m; sourceTree = "<group>"; };
		D3FB882018C61C17008F7D2B /* FMFilterCollectionViewController.h */ = {isa = PBXFileReference; fileEncoding = 4; lastKnownFileType = sourcecode.c.h; path = FMFilterCollectionViewController.h; sourceTree = "<group>"; };
		D3FB882118C61C17008F7D2B /* FMFilterCollectionViewController.m */ = {isa = PBXFileReference; fileEncoding = 4; lastKnownFileType = sourcecode.c.objc; path = FMFilterCollectionViewController.m; sourceTree = "<group>"; };
/* End PBXFileReference section */

/* Begin PBXFrameworksBuildPhase section */
		D35ACA6B18BFD4AB007A4FE4 /* Frameworks */ = {
			isa = PBXFrameworksBuildPhase;
			buildActionMask = 2147483647;
			files = (
				D35ACA7418BFD4AB007A4FE4 /* CoreGraphics.framework in Frameworks */,
				D35ACA7818BFD4AB007A4FE4 /* CoreData.framework in Frameworks */,
				D35ACA7618BFD4AB007A4FE4 /* UIKit.framework in Frameworks */,
				D35ACA7218BFD4AB007A4FE4 /* Foundation.framework in Frameworks */,
			);
			runOnlyForDeploymentPostprocessing = 0;
		};
		D35ACA8B18BFD4AB007A4FE4 /* Frameworks */ = {
			isa = PBXFrameworksBuildPhase;
			buildActionMask = 2147483647;
			files = (
				D35ACA9018BFD4AB007A4FE4 /* XCTest.framework in Frameworks */,
				D35ACA9318BFD4AB007A4FE4 /* CoreData.framework in Frameworks */,
				D35ACA9218BFD4AB007A4FE4 /* UIKit.framework in Frameworks */,
				D35ACA9118BFD4AB007A4FE4 /* Foundation.framework in Frameworks */,
			);
			runOnlyForDeploymentPostprocessing = 0;
		};
/* End PBXFrameworksBuildPhase section */

/* Begin PBXGroup section */
		D35ACA6518BFD4AB007A4FE4 = {
			isa = PBXGroup;
			children = (
				D35ACA7918BFD4AB007A4FE4 /* Thousand Words */,
				D35ACA9618BFD4AB007A4FE4 /* Thousand WordsTests */,
				D35ACA7018BFD4AB007A4FE4 /* Frameworks */,
				D35ACA6F18BFD4AB007A4FE4 /* Products */,
			);
			sourceTree = "<group>";
		};
		D35ACA6F18BFD4AB007A4FE4 /* Products */ = {
			isa = PBXGroup;
			children = (
				D35ACA6E18BFD4AB007A4FE4 /* Thousand Words.app */,
				D35ACA8E18BFD4AB007A4FE4 /* Thousand WordsTests.xctest */,
			);
			name = Products;
			sourceTree = "<group>";
		};
		D35ACA7018BFD4AB007A4FE4 /* Frameworks */ = {
			isa = PBXGroup;
			children = (
				D35ACA7118BFD4AB007A4FE4 /* Foundation.framework */,
				D35ACA7318BFD4AB007A4FE4 /* CoreGraphics.framework */,
				D35ACA7518BFD4AB007A4FE4 /* UIKit.framework */,
				D35ACA7718BFD4AB007A4FE4 /* CoreData.framework */,
				D35ACA8F18BFD4AB007A4FE4 /* XCTest.framework */,
			);
			name = Frameworks;
			sourceTree = "<group>";
		};
		D35ACA7918BFD4AB007A4FE4 /* Thousand Words */ = {
			isa = PBXGroup;
			children = (
				D35ACAA618BFD9EE007A4FE4 /* Storyboard.storyboard */,
				D35ACAA818BFDAB3007A4FE4 /* FMAlbumTableViewController.h */,
				D35ACAA918BFDAB3007A4FE4 /* FMAlbumTableViewController.m */,
				D35ACAB218C0D0A7007A4FE4 /* FMPhotosCollectionViewController.h */,
				D35ACAB318C0D0A7007A4FE4 /* FMPhotosCollectionViewController.m */,
				D35ACAB518C0D2CE007A4FE4 /* FMPhotoCollectionViewCell.h */,
				D35ACAB618C0D2CE007A4FE4 /* FMPhotoCollectionViewCell.m */,
				D35ACAC518C1287C007A4FE4 /* FMPhotoDetailViewController.h */,
				D35ACAC618C1287C007A4FE4 /* FMPhotoDetailViewController.m */,
				D3FB882018C61C17008F7D2B /* FMFilterCollectionViewController.h */,
				D3FB882118C61C17008F7D2B /* FMFilterCollectionViewController.m */,
				D35ACAAF18C0C620007A4FE4 /* FMCoreDataHelper.h */,
				D35ACAB018C0C620007A4FE4 /* FMCoreDataHelper.m */,
				D35ACAAE18BFE5EF007A4FE4 /* CoreData */,
				D35ACA8818BFD4AB007A4FE4 /* Images.xcassets */,
				D35ACA7A18BFD4AB007A4FE4 /* Supporting Files */,
			);
			path = "Thousand Words";
			sourceTree = "<group>";
		};
		D35ACA7A18BFD4AB007A4FE4 /* Supporting Files */ = {
			isa = PBXGroup;
			children = (
				D35ACA7B18BFD4AB007A4FE4 /* Thousand Words-Info.plist */,
				D35ACA7C18BFD4AB007A4FE4 /* InfoPlist.strings */,
				D35ACABA18C0D644007A4FE4 /* Image.png */,
				D35ACA7F18BFD4AB007A4FE4 /* main.m */,
				D35ACA8218BFD4AB007A4FE4 /* FMAppDelegate.h */,
				D35ACA8318BFD4AB007A4FE4 /* FMAppDelegate.m */,
				D35ACA8118BFD4AB007A4FE4 /* Thousand Words-Prefix.pch */,
			);
			name = "Supporting Files";
			sourceTree = "<group>";
		};
		D35ACA9618BFD4AB007A4FE4 /* Thousand WordsTests */ = {
			isa = PBXGroup;
			children = (
				D35ACA9C18BFD4AB007A4FE4 /* Thousand_WordsTests.m */,
				D35ACA9718BFD4AB007A4FE4 /* Supporting Files */,
			);
			path = "Thousand WordsTests";
			sourceTree = "<group>";
		};
		D35ACA9718BFD4AB007A4FE4 /* Supporting Files */ = {
			isa = PBXGroup;
			children = (
				D35ACA9818BFD4AB007A4FE4 /* Thousand WordsTests-Info.plist */,
				D35ACA9918BFD4AB007A4FE4 /* InfoPlist.strings */,
			);
			name = "Supporting Files";
			sourceTree = "<group>";
		};
		D35ACAAE18BFE5EF007A4FE4 /* CoreData */ = {
			isa = PBXGroup;
			children = (
				D35ACAC218C0EDE8007A4FE4 /* FMPictureDataTransformer.h */,
				D35ACAC318C0EDE8007A4FE4 /* FMPictureDataTransformer.m */,
				D35ACA8518BFD4AB007A4FE4 /* Thousand_Words.xcdatamodeld */,
				D35ACABF18C0E948007A4FE4 /* Album.h */,
				D35ACAC018C0E948007A4FE4 /* Album.m */,
				D35ACABC18C0E948007A4FE4 /* Photo.h */,
				D35ACABD18C0E948007A4FE4 /* Photo.m */,
			);
			name = CoreData;
			sourceTree = "<group>";
		};
/* End PBXGroup section */

/* Begin PBXNativeTarget section */
		D35ACA6D18BFD4AB007A4FE4 /* Thousand Words */ = {
			isa = PBXNativeTarget;
			buildConfigurationList = D35ACAA018BFD4AB007A4FE4 /* Build configuration list for PBXNativeTarget "Thousand Words" */;
			buildPhases = (
				D35ACA6A18BFD4AB007A4FE4 /* Sources */,
				D35ACA6B18BFD4AB007A4FE4 /* Frameworks */,
				D35ACA6C18BFD4AB007A4FE4 /* Resources */,
			);
			buildRules = (
			);
			dependencies = (
			);
			name = "Thousand Words";
			productName = "Thousand Words";
			productReference = D35ACA6E18BFD4AB007A4FE4 /* Thousand Words.app */;
			productType = "com.apple.product-type.application";
		};
		D35ACA8D18BFD4AB007A4FE4 /* Thousand WordsTests */ = {
			isa = PBXNativeTarget;
			buildConfigurationList = D35ACAA318BFD4AB007A4FE4 /* Build configuration list for PBXNativeTarget "Thousand WordsTests" */;
			buildPhases = (
				D35ACA8A18BFD4AB007A4FE4 /* Sources */,
				D35ACA8B18BFD4AB007A4FE4 /* Frameworks */,
				D35ACA8C18BFD4AB007A4FE4 /* Resources */,
			);
			buildRules = (
			);
			dependencies = (
				D35ACA9518BFD4AB007A4FE4 /* PBXTargetDependency */,
			);
			name = "Thousand WordsTests";
			productName = "Thousand WordsTests";
			productReference = D35ACA8E18BFD4AB007A4FE4 /* Thousand WordsTests.xctest */;
			productType = "com.apple.product-type.bundle.unit-test";
		};
/* End PBXNativeTarget section */

/* Begin PBXProject section */
		D35ACA6618BFD4AB007A4FE4 /* Project object */ = {
			isa = PBXProject;
			attributes = {
				CLASSPREFIX = FM;
				LastUpgradeCheck = 0500;
				ORGANIZATIONNAME = "Fredrick Myers";
				TargetAttributes = {
					D35ACA8D18BFD4AB007A4FE4 = {
						TestTargetID = D35ACA6D18BFD4AB007A4FE4;
					};
				};
			};
			buildConfigurationList = D35ACA6918BFD4AB007A4FE4 /* Build configuration list for PBXProject "Thousand Words" */;
			compatibilityVersion = "Xcode 3.2";
			developmentRegion = English;
			hasScannedForEncodings = 0;
			knownRegions = (
				en,
			);
			mainGroup = D35ACA6518BFD4AB007A4FE4;
			productRefGroup = D35ACA6F18BFD4AB007A4FE4 /* Products */;
			projectDirPath = "";
			projectRoot = "";
			targets = (
				D35ACA6D18BFD4AB007A4FE4 /* Thousand Words */,
				D35ACA8D18BFD4AB007A4FE4 /* Thousand WordsTests */,
			);
		};
/* End PBXProject section */

/* Begin PBXResourcesBuildPhase section */
		D35ACA6C18BFD4AB007A4FE4 /* Resources */ = {
			isa = PBXResourcesBuildPhase;
			buildActionMask = 2147483647;
			files = (
				D35ACABB18C0D644007A4FE4 /* Image.png in Resources */,
				D35ACA7E18BFD4AB007A4FE4 /* InfoPlist.strings in Resources */,
				D35ACA8918BFD4AB007A4FE4 /* Images.xcassets in Resources */,
				D35ACAA718BFD9EE007A4FE4 /* Storyboard.storyboard in Resources */,
			);
			runOnlyForDeploymentPostprocessing = 0;
		};
		D35ACA8C18BFD4AB007A4FE4 /* Resources */ = {
			isa = PBXResourcesBuildPhase;
			buildActionMask = 2147483647;
			files = (
				D35ACA9B18BFD4AB007A4FE4 /* InfoPlist.strings in Resources */,
			);
			runOnlyForDeploymentPostprocessing = 0;
		};
/* End PBXResourcesBuildPhase section */

/* Begin PBXSourcesBuildPhase section */
		D35ACA6A18BFD4AB007A4FE4 /* Sources */ = {
			isa = PBXSourcesBuildPhase;
			buildActionMask = 2147483647;
			files = (
				D35ACA8018BFD4AB007A4FE4 /* main.m in Sources */,
				D3FB882218C61C17008F7D2B /* FMFilterCollectionViewController.m in Sources */,
				D35ACA8418BFD4AB007A4FE4 /* FMAppDelegate.m in Sources */,
				D35ACAC718C1287D007A4FE4 /* FMPhotoDetailViewController.m in Sources */,
				D35ACAB718C0D2CE007A4FE4 /* FMPhotoCollectionViewCell.m in Sources */,
				D35ACABE18C0E948007A4FE4 /* Photo.m in Sources */,
				D35ACAAA18BFDAB3007A4FE4 /* FMAlbumTableViewController.m in Sources */,
				D35ACAC418C0EDE8007A4FE4 /* FMPictureDataTransformer.m in Sources */,
				D35ACA8718BFD4AB007A4FE4 /* Thousand_Words.xcdatamodeld in Sources */,
				D35ACAC118C0E948007A4FE4 /* Album.m in Sources */,
				D35ACAB418C0D0A7007A4FE4 /* FMPhotosCollectionViewController.m in Sources */,
				D35ACAB118C0C620007A4FE4 /* FMCoreDataHelper.m in Sources */,
			);
			runOnlyForDeploymentPostprocessing = 0;
		};
		D35ACA8A18BFD4AB007A4FE4 /* Sources */ = {
			isa = PBXSourcesBuildPhase;
			buildActionMask = 2147483647;
			files = (
				D35ACA9D18BFD4AB007A4FE4 /* Thousand_WordsTests.m in Sources */,
			);
			runOnlyForDeploymentPostprocessing = 0;
		};
/* End PBXSourcesBuildPhase section */

/* Begin PBXTargetDependency section */
		D35ACA9518BFD4AB007A4FE4 /* PBXTargetDependency */ = {
			isa = PBXTargetDependency;
			target = D35ACA6D18BFD4AB007A4FE4 /* Thousand Words */;
			targetProxy = D35ACA9418BFD4AB007A4FE4 /* PBXContainerItemProxy */;
		};
/* End PBXTargetDependency section */

/* Begin PBXVariantGroup section */
		D35ACA7C18BFD4AB007A4FE4 /* InfoPlist.strings */ = {
			isa = PBXVariantGroup;
			children = (
				D35ACA7D18BFD4AB007A4FE4 /* en */,
			);
			name = InfoPlist.strings;
			sourceTree = "<group>";
		};
		D35ACA9918BFD4AB007A4FE4 /* InfoPlist.strings */ = {
			isa = PBXVariantGroup;
			children = (
				D35ACA9A18BFD4AB007A4FE4 /* en */,
			);
			name = InfoPlist.strings;
			sourceTree = "<group>";
		};
/* End PBXVariantGroup section */

/* Begin XCBuildConfiguration section */
		D35ACA9E18BFD4AB007A4FE4 /* Debug */ = {
			isa = XCBuildConfiguration;
			buildSettings = {
				ALWAYS_SEARCH_USER_PATHS = NO;
				ARCHS = "$(ARCHS_STANDARD_INCLUDING_64_BIT)";
				CLANG_CXX_LANGUAGE_STANDARD = "gnu++0x";
				CLANG_CXX_LIBRARY = "libc++";
				CLANG_ENABLE_MODULES = YES;
				CLANG_ENABLE_OBJC_ARC = YES;
				CLANG_WARN_BOOL_CONVERSION = YES;
				CLANG_WARN_CONSTANT_CONVERSION = YES;
				CLANG_WARN_DIRECT_OBJC_ISA_USAGE = YES_ERROR;
				CLANG_WARN_EMPTY_BODY = YES;
				CLANG_WARN_ENUM_CONVERSION = YES;
				CLANG_WARN_INT_CONVERSION = YES;
				CLANG_WARN_OBJC_ROOT_CLASS = YES_ERROR;
				CLANG_WARN__DUPLICATE_METHOD_MATCH = YES;
				"CODE_SIGN_IDENTITY[sdk=iphoneos*]" = "iPhone Developer";
				COPY_PHASE_STRIP = NO;
				GCC_C_LANGUAGE_STANDARD = gnu99;
				GCC_DYNAMIC_NO_PIC = NO;
				GCC_OPTIMIZATION_LEVEL = 0;
				GCC_PREPROCESSOR_DEFINITIONS = (
					"DEBUG=1",
					"$(inherited)",
				);
				GCC_SYMBOLS_PRIVATE_EXTERN = NO;
				GCC_WARN_64_TO_32_BIT_CONVERSION = YES;
				GCC_WARN_ABOUT_RETURN_TYPE = YES_ERROR;
				GCC_WARN_UNDECLARED_SELECTOR = YES;
				GCC_WARN_UNINITIALIZED_AUTOS = YES;
				GCC_WARN_UNUSED_FUNCTION = YES;
				GCC_WARN_UNUSED_VARIABLE = YES;
				IPHONEOS_DEPLOYMENT_TARGET = 7.0;
				ONLY_ACTIVE_ARCH = YES;
				SDKROOT = iphoneos;
			};
			name = Debug;
		};
		D35ACA9F18BFD4AB007A4FE4 /* Release */ = {
			isa = XCBuildConfiguration;
			buildSettings = {
				ALWAYS_SEARCH_USER_PATHS = NO;
				ARCHS = "$(ARCHS_STANDARD_INCLUDING_64_BIT)";
				CLANG_CXX_LANGUAGE_STANDARD = "gnu++0x";
				CLANG_CXX_LIBRARY = "libc++";
				CLANG_ENABLE_MODULES = YES;
				CLANG_ENABLE_OBJC_ARC = YES;
				CLANG_WARN_BOOL_CONVERSION = YES;
				CLANG_WARN_CONSTANT_CONVERSION = YES;
				CLANG_WARN_DIRECT_OBJC_ISA_USAGE = YES_ERROR;
				CLANG_WARN_EMPTY_BODY = YES;
				CLANG_WARN_ENUM_CONVERSION = YES;
				CLANG_WARN_INT_CONVERSION = YES;
				CLANG_WARN_OBJC_ROOT_CLASS = YES_ERROR;
				CLANG_WARN__DUPLICATE_METHOD_MATCH = YES;
				"CODE_SIGN_IDENTITY[sdk=iphoneos*]" = "iPhone Developer";
				COPY_PHASE_STRIP = YES;
				ENABLE_NS_ASSERTIONS = NO;
				GCC_C_LANGUAGE_STANDARD = gnu99;
				GCC_WARN_64_TO_32_BIT_CONVERSION = YES;
				GCC_WARN_ABOUT_RETURN_TYPE = YES_ERROR;
				GCC_WARN_UNDECLARED_SELECTOR = YES;
				GCC_WARN_UNINITIALIZED_AUTOS = YES;
				GCC_WARN_UNUSED_FUNCTION = YES;
				GCC_WARN_UNUSED_VARIABLE = YES;
				IPHONEOS_DEPLOYMENT_TARGET = 7.0;
				SDKROOT = iphoneos;
				VALIDATE_PRODUCT = YES;
			};
			name = Release;
		};
		D35ACAA118BFD4AB007A4FE4 /* Debug */ = {
			isa = XCBuildConfiguration;
			buildSettings = {
				ASSETCATALOG_COMPILER_APPICON_NAME = AppIcon;
				ASSETCATALOG_COMPILER_LAUNCHIMAGE_NAME = LaunchImage;
				GCC_PRECOMPILE_PREFIX_HEADER = YES;
				GCC_PREFIX_HEADER = "Thousand Words/Thousand Words-Prefix.pch";
				INFOPLIST_FILE = "Thousand Words/Thousand Words-Info.plist";
				PRODUCT_NAME = "$(TARGET_NAME)";
				WRAPPER_EXTENSION = app;
			};
			name = Debug;
		};
		D35ACAA218BFD4AB007A4FE4 /* Release */ = {
			isa = XCBuildConfiguration;
			buildSettings = {
				ASSETCATALOG_COMPILER_APPICON_NAME = AppIcon;
				ASSETCATALOG_COMPILER_LAUNCHIMAGE_NAME = LaunchImage;
				GCC_PRECOMPILE_PREFIX_HEADER = YES;
				GCC_PREFIX_HEADER = "Thousand Words/Thousand Words-Prefix.pch";
				INFOPLIST_FILE = "Thousand Words/Thousand Words-Info.plist";
				PRODUCT_NAME = "$(TARGET_NAME)";
				WRAPPER_EXTENSION = app;
			};
			name = Release;
		};
		D35ACAA418BFD4AB007A4FE4 /* Debug */ = {
			isa = XCBuildConfiguration;
			buildSettings = {
				ARCHS = "$(ARCHS_STANDARD_INCLUDING_64_BIT)";
				BUNDLE_LOADER = "$(BUILT_PRODUCTS_DIR)/Thousand Words.app/Thousand Words";
				FRAMEWORK_SEARCH_PATHS = (
					"$(SDKROOT)/Developer/Library/Frameworks",
					"$(inherited)",
					"$(DEVELOPER_FRAMEWORKS_DIR)",
				);
				GCC_PRECOMPILE_PREFIX_HEADER = YES;
				GCC_PREFIX_HEADER = "Thousand Words/Thousand Words-Prefix.pch";
				GCC_PREPROCESSOR_DEFINITIONS = (
					"DEBUG=1",
					"$(inherited)",
				);
				INFOPLIST_FILE = "Thousand WordsTests/Thousand WordsTests-Info.plist";
				PRODUCT_NAME = "$(TARGET_NAME)";
				TEST_HOST = "$(BUNDLE_LOADER)";
				WRAPPER_EXTENSION = xctest;
			};
			name = Debug;
		};
		D35ACAA518BFD4AB007A4FE4 /* Release */ = {
			isa = XCBuildConfiguration;
			buildSettings = {
				ARCHS = "$(ARCHS_STANDARD_INCLUDING_64_BIT)";
				BUNDLE_LOADER = "$(BUILT_PRODUCTS_DIR)/Thousand Words.app/Thousand Words";
				FRAMEWORK_SEARCH_PATHS = (
					"$(SDKROOT)/Developer/Library/Frameworks",
					"$(inherited)",
					"$(DEVELOPER_FRAMEWORKS_DIR)",
				);
				GCC_PRECOMPILE_PREFIX_HEADER = YES;
				GCC_PREFIX_HEADER = "Thousand Words/Thousand Words-Prefix.pch";
				INFOPLIST_FILE = "Thousand WordsTests/Thousand WordsTests-Info.plist";
				PRODUCT_NAME = "$(TARGET_NAME)";
				TEST_HOST = "$(BUNDLE_LOADER)";
				WRAPPER_EXTENSION = xctest;
			};
			name = Release;
		};
/* End XCBuildConfiguration section */

/* Begin XCConfigurationList section */
		D35ACA6918BFD4AB007A4FE4 /* Build configuration list for PBXProject "Thousand Words" */ = {
			isa = XCConfigurationList;
			buildConfigurations = (
				D35ACA9E18BFD4AB007A4FE4 /* Debug */,
				D35ACA9F18BFD4AB007A4FE4 /* Release */,
			);
			defaultConfigurationIsVisible = 0;
			defaultConfigurationName = Release;
		};
		D35ACAA018BFD4AB007A4FE4 /* Build configuration list for PBXNativeTarget "Thousand Words" */ = {
			isa = XCConfigurationList;
			buildConfigurations = (
				D35ACAA118BFD4AB007A4FE4 /* Debug */,
				D35ACAA218BFD4AB007A4FE4 /* Release */,
			);
			defaultConfigurationIsVisible = 0;
			defaultConfigurationName = Release;
		};
		D35ACAA318BFD4AB007A4FE4 /* Build configuration list for PBXNativeTarget "Thousand WordsTests" */ = {
			isa = XCConfigurationList;
			buildConfigurations = (
				D35ACAA418BFD4AB007A4FE4 /* Debug */,
				D35ACAA518BFD4AB007A4FE4 /* Release */,
			);
			defaultConfigurationIsVisible = 0;
			defaultConfigurationName = Release;
		};
/* End XCConfigurationList section */

/* Begin XCVersionGroup section */
		D35ACA8518BFD4AB007A4FE4 /* Thousand_Words.xcdatamodeld */ = {
			isa = XCVersionGroup;
			children = (
				D35ACA8618BFD4AB007A4FE4 /* Thousand_Words.xcdatamodel */,
			);
			currentVersion = D35ACA8618BFD4AB007A4FE4 /* Thousand_Words.xcdatamodel */;
			path = Thousand_Words.xcdatamodeld;
			sourceTree = "<group>";
			versionGroupType = wrapper.xcdatamodel;
		};
/* End XCVersionGroup section */
	};
	rootObject = D35ACA6618BFD4AB007A4FE4 /* Project object */;
}
